
Microsoft Visual Studio Solution File, Format Version 12.00
# Visual Studio Version 17
VisualStudioVersion = 17.4.33006.217
MinimumVisualStudioVersion = 10.0.40219.1
Project("{FAE04EC0-301F-11D3-BF4B-00C04F79EFBC}") = "ColourPicker", "ColourPicker.csproj", "{E963A6F6-BD2E-40DE-B0A5-A273A0256046}"
EndProject
Global
	GlobalSection(SolutionConfigurationPlatforms) = preSolution
		Debug|Any CPU = Debug|Any CPU
		Release|Any CPU = Release|Any CPU
	EndGlobalSection
	GlobalSection(ProjectConfigurationPlatforms) = postSolution
		{E963A6F6-BD2E-40DE-B0A5-A273A0256046}.Debug|Any CPU.ActiveCfg = Debug|Any CPU
		{E963A6F6-BD2E-40DE-B0A5-A273A0256046}.Debug|Any CPU.Build.0 = Debug|Any CPU
		{E963A6F6-BD2E-40DE-B0A5-A273A0256046}.Release|Any CPU.ActiveCfg = Release|Any CPU
		{E963A6F6-BD2E-40DE-B0A5-A273A0256046}.Release|Any CPU.Build.0 = Release|Any CPU
	EndGlobalSection
	GlobalSection(SolutionProperties) = preSolution
		HideSolutionNode = FALSE
	EndGlobalSection
	GlobalSection(ExtensibilityGlobals) = postSolution
		SolutionGuid = {E3364498-996F-4B88-9F05-DE984EEF666D}
	EndGlobalSection
EndGlobal
